#MicroXplorer Configuration settings - do not modify
CRC.DefaultInitValueUse=DEFAULT_INIT_VALUE_ENABLE
CRC.DefaultPolynomialUse=DEFAULT_POLYNOMIAL_ENABLE
CRC.IPParameters=InputDataInversionMode,OutputDataInversionMode,DefaultPolynomialUse,DefaultInitValueUse
CRC.InputDataInversionMode=CRC_INPUTDATA_INVERSION_BYTE
CRC.OutputDataInversionMode=CRC_OUTPUTDATA_INVERSION_ENABLE
File.Version=6
KeepUserPlacement=false
Mcu.Family=STM32G0
Mcu.IP0=CRC
Mcu.IP1=NVIC
Mcu.IP10=USART2
Mcu.IP11=USART3
Mcu.IP12=USART4
Mcu.IP2=RCC
Mcu.IP3=SPI1
Mcu.IP4=SYS
Mcu.IP5=TIM3
Mcu.IP6=TIM6
Mcu.IP7=TIM7
Mcu.IP8=TIM14
Mcu.IP9=USART1
Mcu.IPNb=13
Mcu.Name=STM32G070CBTx
Mcu.Package=LQFP48
Mcu.Pin0=PC13
Mcu.Pin1=PC14-OSC32_IN (PC14)
Mcu.Pin10=PA5
Mcu.Pin11=PA6
Mcu.Pin12=PA7
Mcu.Pin13=PB0
Mcu.Pin14=PB1
Mcu.Pin15=PB2
Mcu.Pin16=PB10
Mcu.Pin17=PB11
Mcu.Pin18=PB12
Mcu.Pin19=PB13
Mcu.Pin2=PC15-OSC32_OUT (PC15)
Mcu.Pin20=PB14
Mcu.Pin21=PB15
Mcu.Pin22=PA8
Mcu.Pin23=PA9
Mcu.Pin24=PC6
Mcu.Pin25=PC7
Mcu.Pin26=PA10
Mcu.Pin27=PA11 [PA9]
Mcu.Pin28=PA12 [PA10]
Mcu.Pin29=PA13
Mcu.Pin3=PF0-OSC_IN (PF0)
Mcu.Pin30=PA14-BOOT0
Mcu.Pin31=PA15
Mcu.Pin32=PD0
Mcu.Pin33=PD1
Mcu.Pin34=PD3
Mcu.Pin35=PB3
Mcu.Pin36=PB4
Mcu.Pin37=PB5
Mcu.Pin38=PB6
Mcu.Pin39=PB7
Mcu.Pin4=PF1-OSC_OUT (PF1)
Mcu.Pin40=PB8
Mcu.Pin41=PB9
Mcu.Pin42=VP_CRC_VS_CRC
Mcu.Pin43=VP_SYS_VS_Systick
Mcu.Pin44=VP_TIM3_VS_ClockSourceINT
Mcu.Pin45=VP_TIM3_VS_no_output1
Mcu.Pin46=VP_TIM6_VS_ClockSourceINT
Mcu.Pin47=VP_TIM7_VS_ClockSourceINT
Mcu.Pin48=VP_TIM14_VS_ClockSourceINT
Mcu.Pin49=VP_TIM14_VS_no_output1
Mcu.Pin5=PA0
Mcu.Pin6=PA1
Mcu.Pin7=PA2
Mcu.Pin8=PA3
Mcu.Pin9=PA4
Mcu.PinsNb=50
Mcu.ThirdPartyNb=0
Mcu.UserConstants=
Mcu.UserName=STM32G070CBTx
MxCube.Version=5.0.0
MxDb.Version=DB.5.0.0
NVIC.HardFault_IRQn=true\:0\:0\:false\:false\:false\:false
NVIC.NonMaskableInt_IRQn=true\:0\:0\:false\:false\:true\:false
NVIC.PendSV_IRQn=true\:0\:0\:false\:false\:true\:false
NVIC.RCC_IRQn=true\:0\:0\:false\:true\:true\:1\:true
NVIC.SPI1_IRQn=true\:0\:0\:true\:true\:false\:2\:true
NVIC.SVC_IRQn=true\:0\:0\:false\:false\:true\:false
NVIC.SysTick_IRQn=true\:0\:0\:false\:false\:true\:false
NVIC.TIM14_IRQn=true\:0\:0\:false\:true\:false\:6\:true
NVIC.TIM3_IRQn=true\:2\:0\:true\:true\:false\:3\:true
NVIC.TIM6_IRQn=true\:0\:0\:false\:true\:false\:4\:true
NVIC.TIM7_IRQn=true\:3\:0\:true\:true\:false\:5\:true
NVIC.USART1_IRQn=true\:0\:0\:false\:true\:false\:7\:true
NVIC.USART2_IRQn=true\:0\:0\:false\:true\:false\:8\:true
NVIC.USART3_4_IRQn=true\:0\:0\:false\:true\:false\:9\:true
PA0.Locked=true
PA0.Mode=Asynchronous
PA0.Signal=USART4_TX
PA1.Locked=true
PA1.Mode=Asynchronous
PA1.Signal=USART4_RX
PA10.GPIOParameters=GPIO_Label
PA10.GPIO_Label=ENC_B_3
PA10.Locked=true
PA10.Signal=GPIO_Input
PA11\ [PA9].GPIOParameters=GPIO_Label
PA11\ [PA9].GPIO_Label=ENC_S_3
PA11\ [PA9].Locked=true
PA11\ [PA9].Signal=GPIO_Input
PA12\ [PA10].GPIOParameters=GPIO_Speed,GPIO_Label
PA12\ [PA10].GPIO_Label=LED_MUX_6
PA12\ [PA10].GPIO_Speed=GPIO_SPEED_FREQ_VERY_HIGH
PA12\ [PA10].Locked=true
PA12\ [PA10].Signal=GPIO_Output
PA13.Locked=true
PA13.Mode=Serial_Wire
PA13.Signal=SYS_SWDIO
PA14-BOOT0.Mode=Serial_Wire
PA14-BOOT0.Signal=SYS_SWCLK
PA15.GPIOParameters=GPIO_Speed,GPIO_Label
PA15.GPIO_Label=LED_MUX_7
PA15.GPIO_Speed=GPIO_SPEED_FREQ_VERY_HIGH
PA15.Locked=true
PA15.Signal=GPIO_Output
PA2.Locked=true
PA2.Mode=Asynchronous
PA2.Signal=USART2_TX
PA3.Locked=true
PA3.Mode=Asynchronous
PA3.Signal=USART2_RX
PA4.GPIOParameters=GPIO_Speed
PA4.GPIO_Speed=GPIO_SPEED_FREQ_HIGH
PA4.Locked=true
PA4.Mode=NSS_Signal_Hard_Output
PA4.Signal=SPI1_NSS
PA5.GPIOParameters=GPIO_Speed
PA5.GPIO_Speed=GPIO_SPEED_FREQ_HIGH
PA5.Locked=true
PA5.Mode=TX_Only_Simplex_Unidirect_Master
PA5.Signal=SPI1_SCK
PA6.Locked=true
PA6.Signal=SPI1_MISO
PA7.GPIOParameters=GPIO_Speed
PA7.GPIO_Speed=GPIO_SPEED_FREQ_HIGH
PA7.Locked=true
PA7.Mode=TX_Only_Simplex_Unidirect_Master
PA7.Signal=SPI1_MOSI
PA8.GPIOParameters=GPIO_Label
PA8.GPIO_Label=USART2_DETECT
PA8.Locked=true
PA8.Signal=GPIO_Input
PA9.GPIOParameters=GPIO_Label
PA9.GPIO_Label=ENC_A_3
PA9.Locked=true
PA9.Signal=GPIO_Input
PB0.GPIOParameters=GPIO_Label
PB0.GPIO_Label=ENC_A_2
PB0.Locked=true
PB0.Signal=GPIO_Input
PB1.GPIOParameters=GPIO_Label
PB1.GPIO_Label=ENC_B_2
PB1.Locked=true
PB1.Signal=GPIO_Input
PB10.Locked=true
PB10.Mode=Asynchronous
PB10.Signal=USART3_TX
PB11.Locked=true
PB11.Mode=Asynchronous
PB11.Signal=USART3_RX
PB12.GPIOParameters=GPIO_Label
PB12.GPIO_Label=ENC_B_1
PB12.Locked=true
PB12.Signal=GPIO_Input
PB13.GPIOParameters=GPIO_Label
PB13.GPIO_Label=ENC_S_1
PB13.Locked=true
PB13.Signal=GPIO_Input
PB14.GPIOParameters=GPIO_Speed,GPIO_Label
PB14.GPIO_Label=LED_MUX_4
PB14.GPIO_Speed=GPIO_SPEED_FREQ_VERY_HIGH
PB14.Locked=true
PB14.Signal=GPIO_Output
PB15.GPIOParameters=GPIO_Speed,GPIO_Label
PB15.GPIO_Label=LED_MUX_5
PB15.GPIO_Speed=GPIO_SPEED_FREQ_VERY_HIGH
PB15.Locked=true
PB15.Signal=GPIO_Output
PB2.GPIOParameters=GPIO_Label
PB2.GPIO_Label=ENC_S_2
PB2.Locked=true
PB2.Signal=GPIO_Input
PB3.GPIOParameters=GPIO_Speed,GPIO_Label
PB3.GPIO_Label=LED_MUX_2
PB3.GPIO_Speed=GPIO_SPEED_FREQ_VERY_HIGH
PB3.Locked=true
PB3.Signal=GPIO_Output
PB4.GPIOParameters=GPIO_Speed,GPIO_Label
PB4.GPIO_Label=LED_MUX_3
PB4.GPIO_Speed=GPIO_SPEED_FREQ_VERY_HIGH
PB4.Locked=true
PB4.Signal=GPIO_Output
PB5.GPIOParameters=GPIO_Label
PB5.GPIO_Label=BUTTONS
PB5.Locked=true
PB5.Signal=GPIO_Input
PB6.Locked=true
PB6.Mode=Asynchronous
PB6.Signal=USART1_TX
PB7.Locked=true
PB7.Mode=Asynchronous
PB7.Signal=USART1_RX
PB8.GPIOParameters=GPIO_Label
PB8.GPIO_Label=USART1_DETECT
PB8.Locked=true
PB8.Signal=GPIO_Input
PB9.GPIOParameters=GPIO_Label
PB9.GPIO_Label=ENC_A_1
PB9.Locked=true
PB9.Signal=GPIO_Input
PC13.GPIOParameters=GPIO_Label
PC13.GPIO_Label=ENC_S_0
PC13.Locked=true
PC13.Signal=GPIO_Input
PC14-OSC32_IN\ (PC14).GPIOParameters=GPIO_Label
PC14-OSC32_IN\ (PC14).GPIO_Label=LED_MUX_0
PC14-OSC32_IN\ (PC14).Locked=true
PC14-OSC32_IN\ (PC14).Signal=GPIO_Output
PC15-OSC32_OUT\ (PC15).GPIOParameters=GPIO_Label
PC15-OSC32_OUT\ (PC15).GPIO_Label=LED_MUX_1
PC15-OSC32_OUT\ (PC15).Locked=true
PC15-OSC32_OUT\ (PC15).Signal=GPIO_Output
PC6.GPIOParameters=GPIO_Label
PC6.GPIO_Label=ENC_A_0
PC6.Locked=true
PC6.Signal=GPIO_Input
PC7.GPIOParameters=GPIO_Label
PC7.GPIO_Label=ENC_B_0
PC7.Locked=true
PC7.Signal=GPIO_Input
PCC.Checker=false
PCC.Line=STM32G0x0 Value line
PCC.MCU=STM32G070CBTx
PCC.PartNumber=STM32G070CBTx
PCC.Seq0=0
PCC.Series=STM32G0
PCC.Temperature=25
PCC.Vdd=null
PD0.GPIOParameters=GPIO_Speed,GPIO_Label
PD0.GPIO_Label=LED_MUX_8
PD0.GPIO_Speed=GPIO_SPEED_FREQ_VERY_HIGH
PD0.Locked=true
PD0.Signal=GPIO_Output
PD1.GPIOParameters=GPIO_Speed,GPIO_Label
PD1.GPIO_Label=LED_MUX_9
PD1.GPIO_Speed=GPIO_SPEED_FREQ_VERY_HIGH
PD1.Locked=true
PD1.Signal=GPIO_Output
PD3.GPIOParameters=GPIO_Speed,GPIO_Label
PD3.GPIO_Label=TEST_POINT
PD3.GPIO_Speed=GPIO_SPEED_FREQ_VERY_HIGH
PD3.Locked=true
PD3.Signal=GPIO_Output
PF0-OSC_IN\ (PF0).Locked=true
PF0-OSC_IN\ (PF0).Mode=HSE-External-Oscillator
PF0-OSC_IN\ (PF0).Signal=RCC_OSC_IN
PF1-OSC_OUT\ (PF1).Locked=true
PF1-OSC_OUT\ (PF1).Mode=HSE-External-Oscillator
PF1-OSC_OUT\ (PF1).Signal=RCC_OSC_OUT
PinOutPanel.RotationAngle=0
ProjectManager.AskForMigrate=true
ProjectManager.BackupPrevious=false
ProjectManager.CompilerOptimize=3
ProjectManager.ComputerToolchain=false
ProjectManager.CoupleFile=true
ProjectManager.CustomerFirmwarePackage=
ProjectManager.DefaultFWLocation=true
ProjectManager.DeletePrevious=true
ProjectManager.DeviceId=STM32G070CBTx
ProjectManager.FirmwarePackage=STM32Cube FW_G0 V1.0.0
ProjectManager.FreePins=true
ProjectManager.HalAssertFull=true
ProjectManager.HeapSize=0x200
ProjectManager.KeepUserCode=true
ProjectManager.LastFirmware=true
ProjectManager.LibraryCopy=1
ProjectManager.MainLocation=Src
ProjectManager.NoMain=false
ProjectManager.PreviousToolchain=TrueSTUDIO
ProjectManager.ProjectBuild=false
ProjectManager.ProjectFileName=digiControl2.ioc
ProjectManager.ProjectName=digiControl2
ProjectManager.StackSize=0x400
ProjectManager.TargetToolchain=TrueSTUDIO
ProjectManager.ToolChainLocation=
ProjectManager.UnderRoot=true
ProjectManager.functionlistsort=1-MX_GPIO_Init-GPIO-false-LL-true,2-SystemClock_Config-RCC-false-LL-false,3-MX_SPI1_Init-SPI1-false-LL-true,4-MX_USART1_UART_Init-USART1-false-LL-true,5-MX_USART2_UART_Init-USART2-false-LL-true,6-MX_USART3_UART_Init-USART3-false-LL-true,7-MX_USART4_UART_Init-USART4-false-LL-true,8-MX_TIM3_Init-TIM3-false-LL-true,9-MX_TIM6_Init-TIM6-false-LL-true,10-MX_TIM7_Init-TIM7-false-LL-true,11-MX_TIM14_Init-TIM14-false-LL-true,12-MX_CRC_Init-CRC-false-LL-true
RCC.ADCFreq_Value=64000000
RCC.AHBFreq_Value=64000000
RCC.APBFreq_Value=64000000
RCC.APBTimFreq_Value=64000000
RCC.CortexFreq_Value=64000000
RCC.EXTERNAL_CLOCK_VALUE=48000
RCC.FCLKCortexFreq_Value=64000000
RCC.FamilyName=M
RCC.HCLKFreq_Value=64000000
RCC.HSE_VALUE=8000000
RCC.HSI_VALUE=16000000
RCC.I2C1Freq_Value=64000000
RCC.I2S1Freq_Value=64000000
RCC.IPParameters=ADCFreq_Value,AHBFreq_Value,APBFreq_Value,APBTimFreq_Value,CortexFreq_Value,EXTERNAL_CLOCK_VALUE,FCLKCortexFreq_Value,FamilyName,HCLKFreq_Value,HSE_VALUE,HSI_VALUE,I2C1Freq_Value,I2S1Freq_Value,LSCOPinFreq_Value,LSE_VALUE,LSI_VALUE,MCO1PinFreq_Value,PLLN,PLLPoutputFreq_Value,PLLRCLKFreq_Value,PLLSourceVirtual,PREFETCH_ENABLE,PWRFreq_Value,SYSCLKFreq_VALUE,SYSCLKSource,USART1Freq_Value,USART2Freq_Value,VCOInputFreq_Value,VCOOutputFreq_Value
RCC.LSCOPinFreq_Value=32000
RCC.LSE_VALUE=32768
RCC.LSI_VALUE=32000
RCC.MCO1PinFreq_Value=64000000
RCC.PLLN=16
RCC.PLLPoutputFreq_Value=64000000
RCC.PLLRCLKFreq_Value=64000000
RCC.PLLSourceVirtual=RCC_PLLSOURCE_HSE
RCC.PREFETCH_ENABLE=0
RCC.PWRFreq_Value=64000000
RCC.SYSCLKFreq_VALUE=64000000
RCC.SYSCLKSource=RCC_SYSCLKSOURCE_PLLCLK
RCC.USART1Freq_Value=64000000
RCC.USART2Freq_Value=64000000
RCC.VCOInputFreq_Value=8000000
RCC.VCOOutputFreq_Value=128000000
SPI1.BaudRatePrescaler=SPI_BAUDRATEPRESCALER_4
SPI1.CalculateBaudRate=16.0 MBits/s
SPI1.DataSize=SPI_DATASIZE_16BIT
SPI1.Direction=SPI_DIRECTION_2LINES
SPI1.IPParameters=VirtualType,Mode,Direction,CalculateBaudRate,VirtualNSS,DataSize,BaudRatePrescaler,TIMode
SPI1.Mode=SPI_MODE_MASTER
SPI1.TIMode=SPI_TIMODE_DISABLE
SPI1.VirtualNSS=VM_NSSHARD
SPI1.VirtualType=VM_MASTER
TIM14.Channel=TIM_CHANNEL_1
TIM14.IPParameters=Prescaler,Period,Channel
TIM14.Period=1000
TIM14.Prescaler=64
TIM3.Channel-Output\ Compare1\ No\ Output=TIM_CHANNEL_1
TIM3.IPParameters=Prescaler,Period,Channel-Output Compare1 No Output
TIM3.Period=1000
TIM3.Prescaler=64
TIM6.IPParameters=Prescaler,Period
TIM6.Period=100
TIM6.Prescaler=64
TIM7.IPParameters=Prescaler,Period
TIM7.Period=256
TIM7.Prescaler=16
USART1.IPParameters=VirtualMode-Asynchronous,WordLength,Parity
USART1.Parity=PARITY_NONE
USART1.VirtualMode-Asynchronous=VM_ASYNC
USART1.WordLength=WORDLENGTH_8B
USART2.IPParameters=VirtualMode-Asynchronous,WordLength,Parity
USART2.Parity=PARITY_NONE
USART2.VirtualMode-Asynchronous=VM_ASYNC
USART2.WordLength=WORDLENGTH_8B
USART3.BaudRate=31250
USART3.IPParameters=VirtualMode-Asynchronous,WordLength,Parity,BaudRate
USART3.Parity=PARITY_NONE
USART3.VirtualMode-Asynchronous=VM_ASYNC
USART3.WordLength=WORDLENGTH_8B
USART4.IPParameters=VirtualMode-Asynchronous,WordLength,Parity
USART4.Parity=PARITY_NONE
USART4.VirtualMode-Asynchronous=VM_ASYNC
USART4.WordLength=WORDLENGTH_8B
VP_CRC_VS_CRC.Mode=CRC_Activate
VP_CRC_VS_CRC.Signal=CRC_VS_CRC
VP_SYS_VS_Systick.Mode=SysTick
VP_SYS_VS_Systick.Signal=SYS_VS_Systick
VP_TIM14_VS_ClockSourceINT.Mode=Enable_Timer
VP_TIM14_VS_ClockSourceINT.Signal=TIM14_VS_ClockSourceINT
VP_TIM14_VS_no_output1.Mode=Output Compare1 No Output
VP_TIM14_VS_no_output1.Signal=TIM14_VS_no_output1
VP_TIM3_VS_ClockSourceINT.Mode=Internal
VP_TIM3_VS_ClockSourceINT.Signal=TIM3_VS_ClockSourceINT
VP_TIM3_VS_no_output1.Mode=Output Compare1 No Output
VP_TIM3_VS_no_output1.Signal=TIM3_VS_no_output1
VP_TIM6_VS_ClockSourceINT.Mode=Enable_Timer
VP_TIM6_VS_ClockSourceINT.Signal=TIM6_VS_ClockSourceINT
VP_TIM7_VS_ClockSourceINT.Mode=Enable_Timer
VP_TIM7_VS_ClockSourceINT.Signal=TIM7_VS_ClockSourceINT
board=custom
